
Microsoft Visual Studio Solution File, Format Version 12.00
# Visual Studio Version 17
VisualStudioVersion = 17.0.31903.59
MinimumVisualStudioVersion = 10.0.40219.1
Project("{FAE04EC0-301F-11D3-BF4B-00C04F79EFBC}") = "Resturants", "src\Resturants.csproj", "{F74660A2-2891-4352-B6F4-F0CF121635C2}"
EndProject
Global
	GlobalSection(SolutionConfigurationPlatforms) = preSolution
		Debug|Any CPU = Debug|Any CPU
		Release|Any CPU = Release|Any CPU
	EndGlobalSection
	GlobalSection(ProjectConfigurationPlatforms) = postSolution
		{F74660A2-2891-4352-B6F4-F0CF121635C2}.Debug|Any CPU.ActiveCfg = Debug|Any CPU
		{F74660A2-2891-4352-B6F4-F0CF121635C2}.Debug|Any CPU.Build.0 = Debug|Any CPU
		{F74660A2-2891-4352-B6F4-F0CF121635C2}.Release|Any CPU.ActiveCfg = Release|Any CPU
		{F74660A2-2891-4352-B6F4-F0CF121635C2}.Release|Any CPU.Build.0 = Release|Any CPU
		{AF92942E-94E8-4202-A120-2D6F02658499}.Debug|Any CPU.ActiveCfg = Debug|Any CPU
		{AF92942E-94E8-4202-A120-2D6F02658499}.Debug|Any CPU.Build.0 = Debug|Any CPU
		{AF92942E-94E8-4202-A120-2D6F02658499}.Release|Any CPU.ActiveCfg = Release|Any CPU
		{AF92942E-94E8-4202-A120-2D6F02658499}.Release|Any CPU.Build.0 = Release|Any CPU
	EndGlobalSection
	GlobalSection(SolutionProperties) = preSolution
		HideSolutionNode = FALSE
	EndGlobalSection
EndGlobal
